
Microsoft Visual Studio Solution File, Format Version 11.00
# Visual Studio 2010
Project("{8BC9CEB8-8B4A-11D0-8D11-00A0C91BC942}") = "Pharmacie1", "Pharmacie1\Pharmacie1.vcxproj", "{2239E95A-69BC-45C1-948C-FE9EA0C2821D}"
EndProject
Global
	GlobalSection(SolutionConfigurationPlatforms) = preSolution
		Debug|Win32 = Debug|Win32
		Release|Win32 = Release|Win32
	EndGlobalSection
	GlobalSection(ProjectConfigurationPlatforms) = postSolution
		{2239E95A-69BC-45C1-948C-FE9EA0C2821D}.Debug|Win32.ActiveCfg = Debug|Win32
		{2239E95A-69BC-45C1-948C-FE9EA0C2821D}.Debug|Win32.Build.0 = Debug|Win32
		{2239E95A-69BC-45C1-948C-FE9EA0C2821D}.Release|Win32.ActiveCfg = Release|Win32
		{2239E95A-69BC-45C1-948C-FE9EA0C2821D}.Release|Win32.Build.0 = Release|Win32
	EndGlobalSection
	GlobalSection(SolutionProperties) = preSolution
		HideSolutionNode = FALSE
	EndGlobalSection
EndGlobal
